
Microsoft Visual Studio Solution File, Format Version 12.00
# Visual Studio 14
VisualStudioVersion = 14.0.23107.0
MinimumVisualStudioVersion = 10.0.40219.1
Project("{2150E333-8FDC-42A3-9474-1A3956D46DE8}") = "CBA Services", "CBA Services", "{57749B1A-0E96-49F0-83B2-EB5D1EA1869C}"
EndProject
Project("{2150E333-8FDC-42A3-9474-1A3956D46DE8}") = "CBA", "CBA", "{6318A859-C295-486D-9159-C6FCB996EE20}"
EndProject
Project("{2150E333-8FDC-42A3-9474-1A3956D46DE8}") = "F.E.P", "F.E.P", "{CE364CDF-478C-46B0-8B5A-73D6B293A77B}"
EndProject
Project("{FAE04EC0-301F-11D3-BF4B-00C04F79EFBC}") = "CBAPractice", "CBAPractice\CBAPractice.csproj", "{083B687D-CAF9-48E8-B51A-834337AF8B54}"
EndProject
Project("{FAE04EC0-301F-11D3-BF4B-00C04F79EFBC}") = "CBAPractice.Core", "CBAPractice.Core\CBAPractice.Core.csproj", "{FA82914B-DE1E-4AFB-A629-01DF140B001D}"
EndProject
Project("{FAE04EC0-301F-11D3-BF4B-00C04F79EFBC}") = "CBAPractice.Data", "CBAPractice.Data\CBAPractice.Data.csproj", "{1118F8CC-B29F-4970-8555-E3A2407E7D57}"
EndProject
Project("{FAE04EC0-301F-11D3-BF4B-00C04F79EFBC}") = "CBAPractice.Logic", "CBAPractice.Logic\CBAPractice.Logic.csproj", "{BB5127D7-4D1D-491A-BF39-3C79C9122F26}"
EndProject
Project("{FAE04EC0-301F-11D3-BF4B-00C04F79EFBC}") = "CBA.Data.ADO.Net", "CBA.Data.ADO.Net\CBA.Data.ADO.Net.csproj", "{D9338553-483E-4562-8D4C-E7A30412C47D}"
EndProject
Project("{FAE04EC0-301F-11D3-BF4B-00C04F79EFBC}") = "CBA.Data.Nhibernate", "CBA.Data.NHibernate\CBA.Data.Nhibernate.csproj", "{F9231E0C-F954-4BCD-AA33-06DCF5B4C8E6}"
EndProject
Project("{FAE04EC0-301F-11D3-BF4B-00C04F79EFBC}") = "CBA.DependencyInitializer", "CBA.DependencyInitializer\CBA.DependencyInitializer.csproj", "{A67565E2-89BC-4A4B-85F1-9161A2718642}"
EndProject
Project("{FAE04EC0-301F-11D3-BF4B-00C04F79EFBC}") = "CBA.TestConsole", "CBA.TestConsole\CBA.TestConsole.csproj", "{33BA704F-3474-461C-A2D4-1E8E199985E3}"
EndProject
Project("{FAE04EC0-301F-11D3-BF4B-00C04F79EFBC}") = "CBA.EODService", "CBA.EODService\CBA.EODService.csproj", "{3840F77C-D1A5-402B-B5F2-1614A52739D3}"
EndProject
Project("{FAE04EC0-301F-11D3-BF4B-00C04F79EFBC}") = "FEP", "FEP\FEP.csproj", "{9DD292F4-886F-44CD-8DA2-88787A25A8E8}"
EndProject
Project("{FAE04EC0-301F-11D3-BF4B-00C04F79EFBC}") = "WebService", "WebService\WebService.csproj", "{2B208F64-E52A-4F12-937C-5F4A9CC1A5A7}"
EndProject
Project("{FAE04EC0-301F-11D3-BF4B-00C04F79EFBC}") = "FEP.WindowsService", "FEP.WindowsService\FEP.WindowsService.csproj", "{44530DDF-9557-4069-82E3-75C22D780F1A}"
EndProject
Global
	GlobalSection(Performance) = preSolution
		HasPerformanceSessions = true
	EndGlobalSection
	GlobalSection(SolutionConfigurationPlatforms) = preSolution
		Debug|Any CPU = Debug|Any CPU
		Release|Any CPU = Release|Any CPU
	EndGlobalSection
	GlobalSection(ProjectConfigurationPlatforms) = postSolution
		{083B687D-CAF9-48E8-B51A-834337AF8B54}.Debug|Any CPU.ActiveCfg = Debug|Any CPU
		{083B687D-CAF9-48E8-B51A-834337AF8B54}.Debug|Any CPU.Build.0 = Debug|Any CPU
		{083B687D-CAF9-48E8-B51A-834337AF8B54}.Release|Any CPU.ActiveCfg = Release|Any CPU
		{083B687D-CAF9-48E8-B51A-834337AF8B54}.Release|Any CPU.Build.0 = Release|Any CPU
		{FA82914B-DE1E-4AFB-A629-01DF140B001D}.Debug|Any CPU.ActiveCfg = Debug|Any CPU
		{FA82914B-DE1E-4AFB-A629-01DF140B001D}.Debug|Any CPU.Build.0 = Debug|Any CPU
		{FA82914B-DE1E-4AFB-A629-01DF140B001D}.Release|Any CPU.ActiveCfg = Release|Any CPU
		{FA82914B-DE1E-4AFB-A629-01DF140B001D}.Release|Any CPU.Build.0 = Release|Any CPU
		{1118F8CC-B29F-4970-8555-E3A2407E7D57}.Debug|Any CPU.ActiveCfg = Debug|Any CPU
		{1118F8CC-B29F-4970-8555-E3A2407E7D57}.Debug|Any CPU.Build.0 = Debug|Any CPU
		{1118F8CC-B29F-4970-8555-E3A2407E7D57}.Release|Any CPU.ActiveCfg = Release|Any CPU
		{1118F8CC-B29F-4970-8555-E3A2407E7D57}.Release|Any CPU.Build.0 = Release|Any CPU
		{BB5127D7-4D1D-491A-BF39-3C79C9122F26}.Debug|Any CPU.ActiveCfg = Debug|Any CPU
		{BB5127D7-4D1D-491A-BF39-3C79C9122F26}.Debug|Any CPU.Build.0 = Debug|Any CPU
		{BB5127D7-4D1D-491A-BF39-3C79C9122F26}.Release|Any CPU.ActiveCfg = Release|Any CPU
		{BB5127D7-4D1D-491A-BF39-3C79C9122F26}.Release|Any CPU.Build.0 = Release|Any CPU
		{D9338553-483E-4562-8D4C-E7A30412C47D}.Debug|Any CPU.ActiveCfg = Debug|Any CPU
		{D9338553-483E-4562-8D4C-E7A30412C47D}.Debug|Any CPU.Build.0 = Debug|Any CPU
		{D9338553-483E-4562-8D4C-E7A30412C47D}.Release|Any CPU.ActiveCfg = Release|Any CPU
		{D9338553-483E-4562-8D4C-E7A30412C47D}.Release|Any CPU.Build.0 = Release|Any CPU
		{F9231E0C-F954-4BCD-AA33-06DCF5B4C8E6}.Debug|Any CPU.ActiveCfg = Debug|Any CPU
		{F9231E0C-F954-4BCD-AA33-06DCF5B4C8E6}.Debug|Any CPU.Build.0 = Debug|Any CPU
		{F9231E0C-F954-4BCD-AA33-06DCF5B4C8E6}.Release|Any CPU.ActiveCfg = Release|Any CPU
		{F9231E0C-F954-4BCD-AA33-06DCF5B4C8E6}.Release|Any CPU.Build.0 = Release|Any CPU
		{A67565E2-89BC-4A4B-85F1-9161A2718642}.Debug|Any CPU.ActiveCfg = Debug|Any CPU
		{A67565E2-89BC-4A4B-85F1-9161A2718642}.Debug|Any CPU.Build.0 = Debug|Any CPU
		{A67565E2-89BC-4A4B-85F1-9161A2718642}.Release|Any CPU.ActiveCfg = Release|Any CPU
		{A67565E2-89BC-4A4B-85F1-9161A2718642}.Release|Any CPU.Build.0 = Release|Any CPU
		{33BA704F-3474-461C-A2D4-1E8E199985E3}.Debug|Any CPU.ActiveCfg = Debug|Any CPU
		{33BA704F-3474-461C-A2D4-1E8E199985E3}.Debug|Any CPU.Build.0 = Debug|Any CPU
		{33BA704F-3474-461C-A2D4-1E8E199985E3}.Release|Any CPU.ActiveCfg = Release|Any CPU
		{33BA704F-3474-461C-A2D4-1E8E199985E3}.Release|Any CPU.Build.0 = Release|Any CPU
		{3840F77C-D1A5-402B-B5F2-1614A52739D3}.Debug|Any CPU.ActiveCfg = Debug|Any CPU
		{3840F77C-D1A5-402B-B5F2-1614A52739D3}.Debug|Any CPU.Build.0 = Debug|Any CPU
		{3840F77C-D1A5-402B-B5F2-1614A52739D3}.Release|Any CPU.ActiveCfg = Release|Any CPU
		{3840F77C-D1A5-402B-B5F2-1614A52739D3}.Release|Any CPU.Build.0 = Release|Any CPU
		{9DD292F4-886F-44CD-8DA2-88787A25A8E8}.Debug|Any CPU.ActiveCfg = Debug|Any CPU
		{9DD292F4-886F-44CD-8DA2-88787A25A8E8}.Debug|Any CPU.Build.0 = Debug|Any CPU
		{9DD292F4-886F-44CD-8DA2-88787A25A8E8}.Release|Any CPU.ActiveCfg = Release|Any CPU
		{9DD292F4-886F-44CD-8DA2-88787A25A8E8}.Release|Any CPU.Build.0 = Release|Any CPU
		{2B208F64-E52A-4F12-937C-5F4A9CC1A5A7}.Debug|Any CPU.ActiveCfg = Debug|Any CPU
		{2B208F64-E52A-4F12-937C-5F4A9CC1A5A7}.Debug|Any CPU.Build.0 = Debug|Any CPU
		{2B208F64-E52A-4F12-937C-5F4A9CC1A5A7}.Release|Any CPU.ActiveCfg = Release|Any CPU
		{2B208F64-E52A-4F12-937C-5F4A9CC1A5A7}.Release|Any CPU.Build.0 = Release|Any CPU
		{44530DDF-9557-4069-82E3-75C22D780F1A}.Debug|Any CPU.ActiveCfg = Debug|Any CPU
		{44530DDF-9557-4069-82E3-75C22D780F1A}.Debug|Any CPU.Build.0 = Debug|Any CPU
		{44530DDF-9557-4069-82E3-75C22D780F1A}.Release|Any CPU.ActiveCfg = Release|Any CPU
		{44530DDF-9557-4069-82E3-75C22D780F1A}.Release|Any CPU.Build.0 = Release|Any CPU
	EndGlobalSection
	GlobalSection(SolutionProperties) = preSolution
		HideSolutionNode = FALSE
	EndGlobalSection
	GlobalSection(NestedProjects) = preSolution
		{083B687D-CAF9-48E8-B51A-834337AF8B54} = {6318A859-C295-486D-9159-C6FCB996EE20}
		{FA82914B-DE1E-4AFB-A629-01DF140B001D} = {6318A859-C295-486D-9159-C6FCB996EE20}
		{1118F8CC-B29F-4970-8555-E3A2407E7D57} = {6318A859-C295-486D-9159-C6FCB996EE20}
		{BB5127D7-4D1D-491A-BF39-3C79C9122F26} = {6318A859-C295-486D-9159-C6FCB996EE20}
		{D9338553-483E-4562-8D4C-E7A30412C47D} = {6318A859-C295-486D-9159-C6FCB996EE20}
		{F9231E0C-F954-4BCD-AA33-06DCF5B4C8E6} = {6318A859-C295-486D-9159-C6FCB996EE20}
		{A67565E2-89BC-4A4B-85F1-9161A2718642} = {6318A859-C295-486D-9159-C6FCB996EE20}
		{33BA704F-3474-461C-A2D4-1E8E199985E3} = {6318A859-C295-486D-9159-C6FCB996EE20}
		{3840F77C-D1A5-402B-B5F2-1614A52739D3} = {6318A859-C295-486D-9159-C6FCB996EE20}
		{9DD292F4-886F-44CD-8DA2-88787A25A8E8} = {CE364CDF-478C-46B0-8B5A-73D6B293A77B}
		{2B208F64-E52A-4F12-937C-5F4A9CC1A5A7} = {57749B1A-0E96-49F0-83B2-EB5D1EA1869C}
		{44530DDF-9557-4069-82E3-75C22D780F1A} = {CE364CDF-478C-46B0-8B5A-73D6B293A77B}
	EndGlobalSection
EndGlobal
